// !$*UTF8*$!
{
	archiveVersion = 1;
	classes = {
	};
	objectVersion = 46;
	objects = {

/* Begin PBXBuildFile section */
		1AF3D9B9195AC1CA002997AA /* JMTextViewViewController.m in Sources */ = {isa = PBXBuildFile; fileRef = 1AF3D9B8195AC1CA002997AA /* JMTextViewViewController.m */; };
		B41A30681925B01E00DC27FA /* Foundation.framework in Frameworks */ = {isa = PBXBuildFile; fileRef = B41A30671925B01E00DC27FA /* Foundation.framework */; };
		B41A306A1925B01E00DC27FA /* CoreGraphics.framework in Frameworks */ = {isa = PBXBuildFile; fileRef = B41A30691925B01E00DC27FA /* CoreGraphics.framework */; };
		B41A306C1925B01E00DC27FA /* UIKit.framework in Frameworks */ = {isa = PBXBuildFile; fileRef = B41A306B1925B01E00DC27FA /* UIKit.framework */; };
		B41A30721925B01E00DC27FA /* InfoPlist.strings in Resources */ = {isa = PBXBuildFile; fileRef = B41A30701925B01E00DC27FA /* InfoPlist.strings */; };
		B41A30741925B01E00DC27FA /* main.m in Sources */ = {isa = PBXBuildFile; fileRef = B41A30731925B01E00DC27FA /* main.m */; };
		B41A30781925B01E00DC27FA /* JMAppDelegate.m in Sources */ = {isa = PBXBuildFile; fileRef = B41A30771925B01E00DC27FA /* JMAppDelegate.m */; };
		B41A307E1925B01E00DC27FA /* JMViewController.m in Sources */ = {isa = PBXBuildFile; fileRef = B41A307D1925B01E00DC27FA /* JMViewController.m */; };
		B41A30801925B01E00DC27FA /* Images.xcassets in Resources */ = {isa = PBXBuildFile; fileRef = B41A307F1925B01E00DC27FA /* Images.xcassets */; };
		B41A30871925B01E00DC27FA /* XCTest.framework in Frameworks */ = {isa = PBXBuildFile; fileRef = B41A30861925B01E00DC27FA /* XCTest.framework */; };
		B41A30881925B01F00DC27FA /* Foundation.framework in Frameworks */ = {isa = PBXBuildFile; fileRef = B41A30671925B01E00DC27FA /* Foundation.framework */; };
		B41A30891925B01F00DC27FA /* UIKit.framework in Frameworks */ = {isa = PBXBuildFile; fileRef = B41A306B1925B01E00DC27FA /* UIKit.framework */; };
		B41A30911925B01F00DC27FA /* InfoPlist.strings in Resources */ = {isa = PBXBuildFile; fileRef = B41A308F1925B01F00DC27FA /* InfoPlist.strings */; };
		B41A30931925B01F00DC27FA /* TapeWorkTests.m in Sources */ = {isa = PBXBuildFile; fileRef = B41A30921925B01F00DC27FA /* TapeWorkTests.m */; };
		B41A309E1925E12300DC27FA /* JMTapeView.m in Sources */ = {isa = PBXBuildFile; fileRef = B41A309D1925E12300DC27FA /* JMTapeView.m */; };
		B41A30A11925F11300DC27FA /* JMToolBotton.m in Sources */ = {isa = PBXBuildFile; fileRef = B41A30A01925F11300DC27FA /* JMToolBotton.m */; };
/* End PBXBuildFile section */

/* Begin PBXContainerItemProxy section */
		B41A308A1925B01F00DC27FA /* PBXContainerItemProxy */ = {
			isa = PBXContainerItemProxy;
			containerPortal = B41A305C1925B01E00DC27FA /* Project object */;
			proxyType = 1;
			remoteGlobalIDString = B41A30631925B01E00DC27FA;
			remoteInfo = TapeWork;
		};
/* End PBXContainerItemProxy section */

/* Begin PBXFileReference section */
		1AF3D9B7195AC1CA002997AA /* JMTextViewViewController.h */ = {isa = PBXFileReference; fileEncoding = 4; lastKnownFileType = sourcecode.c.h; path = JMTextViewViewController.h; sourceTree = "<group>"; };
		1AF3D9B8195AC1CA002997AA /* JMTextViewViewController.m */ = {isa = PBXFileReference; fileEncoding = 4; lastKnownFileType = sourcecode.c.objc; path = JMTextViewViewController.m; sourceTree = "<group>"; };
		B41A30641925B01E00DC27FA /* TapeWork.app */ = {isa = PBXFileReference; explicitFileType = wrapper.application; includeInIndex = 0; path = TapeWork.app; sourceTree = BUILT_PRODUCTS_DIR; };
		B41A30671925B01E00DC27FA /* Foundation.framework */ = {isa = PBXFileReference; lastKnownFileType = wrapper.framework; name = Foundation.framework; path = System/Library/Frameworks/Foundation.framework; sourceTree = SDKROOT; };
		B41A30691925B01E00DC27FA /* CoreGraphics.framework */ = {isa = PBXFileReference; lastKnownFileType = wrapper.framework; name = CoreGraphics.framework; path = System/Library/Frameworks/CoreGraphics.framework; sourceTree = SDKROOT; };
		B41A306B1925B01E00DC27FA /* UIKit.framework */ = {isa = PBXFileReference; lastKnownFileType = wrapper.framework; name = UIKit.framework; path = System/Library/Frameworks/UIKit.framework; sourceTree = SDKROOT; };
		B41A306F1925B01E00DC27FA /* TapeWork-Info.plist */ = {isa = PBXFileReference; lastKnownFileType = text.plist.xml; path = "TapeWork-Info.plist"; sourceTree = "<group>"; };
		B41A30711925B01E00DC27FA /* en */ = {isa = PBXFileReference; lastKnownFileType = text.plist.strings; name = en; path = en.lproj/InfoPlist.strings; sourceTree = "<group>"; };
		B41A30731925B01E00DC27FA /* main.m */ = {isa = PBXFileReference; lastKnownFileType = sourcecode.c.objc; path = main.m; sourceTree = "<group>"; };
		B41A30751925B01E00DC27FA /* TapeWork-Prefix.pch */ = {isa = PBXFileReference; lastKnownFileType = sourcecode.c.h; path = "TapeWork-Prefix.pch"; sourceTree = "<group>"; };
		B41A30761925B01E00DC27FA /* JMAppDelegate.h */ = {isa = PBXFileReference; lastKnownFileType = sourcecode.c.h; path = JMAppDelegate.h; sourceTree = "<group>"; };
		B41A30771925B01E00DC27FA /* JMAppDelegate.m */ = {isa = PBXFileReference; lastKnownFileType = sourcecode.c.objc; path = JMAppDelegate.m; sourceTree = "<group>"; };
		B41A307C1925B01E00DC27FA /* JMViewController.h */ = {isa = PBXFileReference; lastKnownFileType = sourcecode.c.h; path = JMViewController.h; sourceTree = "<group>"; };
		B41A307D1925B01E00DC27FA /* JMViewController.m */ = {isa = PBXFileReference; lastKnownFileType = sourcecode.c.objc; path = JMViewController.m; sourceTree = "<group>"; };
		B41A307F1925B01E00DC27FA /* Images.xcassets */ = {isa = PBXFileReference; lastKnownFileType = folder.assetcatalog; path = Images.xcassets; sourceTree = "<group>"; };
		B41A30851925B01E00DC27FA /* TapeWorkTests.xctest */ = {isa = PBXFileReference; explicitFileType = wrapper.cfbundle; includeInIndex = 0; path = TapeWorkTests.xctest; sourceTree = BUILT_PRODUCTS_DIR; };
		B41A30861925B01E00DC27FA /* XCTest.framework */ = {isa = PBXFileReference; lastKnownFileType = wrapper.framework; name = XCTest.framework; path = Library/Frameworks/XCTest.framework; sourceTree = DEVELOPER_DIR; };
		B41A308E1925B01F00DC27FA /* TapeWorkTests-Info.plist */ = {isa = PBXFileReference; lastKnownFileType = text.plist.xml; path = "TapeWorkTests-Info.plist"; sourceTree = "<group>"; };
		B41A30901925B01F00DC27FA /* en */ = {isa = PBXFileReference; lastKnownFileType = text.plist.strings; name = en; path = en.lproj/InfoPlist.strings; sourceTree = "<group>"; };
		B41A30921925B01F00DC27FA /* TapeWorkTests.m */ = {isa = PBXFileReference; lastKnownFileType = sourcecode.c.objc; path = TapeWorkTests.m; sourceTree = "<group>"; };
		B41A309C1925E12300DC27FA /* JMTapeView.h */ = {isa = PBXFileReference; fileEncoding = 4; lastKnownFileType = sourcecode.c.h; path = JMTapeView.h; sourceTree = "<group>"; };
		B41A309D1925E12300DC27FA /* JMTapeView.m */ = {isa = PBXFileReference; fileEncoding = 4; lastKnownFileType = sourcecode.c.objc; path = JMTapeView.m; sourceTree = "<group>"; };
		B41A309F1925F11300DC27FA /* JMToolBotton.h */ = {isa = PBXFileReference; fileEncoding = 4; lastKnownFileType = sourcecode.c.h; path = JMToolBotton.h; sourceTree = "<group>"; };
		B41A30A01925F11300DC27FA /* JMToolBotton.m */ = {isa = PBXFileReference; fileEncoding = 4; lastKnownFileType = sourcecode.c.objc; path = JMToolBotton.m; sourceTree = "<group>"; };
/* End PBXFileReference section */

/* Begin PBXFrameworksBuildPhase section */
		B41A30611925B01E00DC27FA /* Frameworks */ = {
			isa = PBXFrameworksBuildPhase;
			buildActionMask = 2147483647;
			files = (
				B41A306A1925B01E00DC27FA /* CoreGraphics.framework in Frameworks */,
				B41A306C1925B01E00DC27FA /* UIKit.framework in Frameworks */,
				B41A30681925B01E00DC27FA /* Foundation.framework in Frameworks */,
			);
			runOnlyForDeploymentPostprocessing = 0;
		};
		B41A30821925B01E00DC27FA /* Frameworks */ = {
			isa = PBXFrameworksBuildPhase;
			buildActionMask = 2147483647;
			files = (
				B41A30871925B01E00DC27FA /* XCTest.framework in Frameworks */,
				B41A30891925B01F00DC27FA /* UIKit.framework in Frameworks */,
				B41A30881925B01F00DC27FA /* Foundation.framework in Frameworks */,
			);
			runOnlyForDeploymentPostprocessing = 0;
		};
/* End PBXFrameworksBuildPhase section */

/* Begin PBXGroup section */
		1AF3D9B6195AC1A9002997AA /* New Group */ = {
			isa = PBXGroup;
			children = (
				1AF3D9B7195AC1CA002997AA /* JMTextViewViewController.h */,
				1AF3D9B8195AC1CA002997AA /* JMTextViewViewController.m */,
			);
			name = "New Group";
			path = TapeWork;
			sourceTree = "<group>";
		};
		B41A305B1925B01E00DC27FA = {
			isa = PBXGroup;
			children = (
				1AF3D9B6195AC1A9002997AA /* New Group */,
				B41A306D1925B01E00DC27FA /* TapeWork */,
				B41A308C1925B01F00DC27FA /* TapeWorkTests */,
				B41A30661925B01E00DC27FA /* Frameworks */,
				B41A30651925B01E00DC27FA /* Products */,
			);
			sourceTree = "<group>";
		};
		B41A30651925B01E00DC27FA /* Products */ = {
			isa = PBXGroup;
			children = (
				B41A30641925B01E00DC27FA /* TapeWork.app */,
				B41A30851925B01E00DC27FA /* TapeWorkTests.xctest */,
			);
			name = Products;
			sourceTree = "<group>";
		};
		B41A30661925B01E00DC27FA /* Frameworks */ = {
			isa = PBXGroup;
			children = (
				B41A30671925B01E00DC27FA /* Foundation.framework */,
				B41A30691925B01E00DC27FA /* CoreGraphics.framework */,
				B41A306B1925B01E00DC27FA /* UIKit.framework */,
				B41A30861925B01E00DC27FA /* XCTest.framework */,
			);
			name = Frameworks;
			sourceTree = "<group>";
		};
		B41A306D1925B01E00DC27FA /* TapeWork */ = {
			isa = PBXGroup;
			children = (
				B41A30761925B01E00DC27FA /* JMAppDelegate.h */,
				B41A30771925B01E00DC27FA /* JMAppDelegate.m */,
				B41A307C1925B01E00DC27FA /* JMViewController.h */,
				B41A307D1925B01E00DC27FA /* JMViewController.m */,
				B41A309C1925E12300DC27FA /* JMTapeView.h */,
				B41A309D1925E12300DC27FA /* JMTapeView.m */,
				B41A309F1925F11300DC27FA /* JMToolBotton.h */,
				B41A30A01925F11300DC27FA /* JMToolBotton.m */,
				B41A307F1925B01E00DC27FA /* Images.xcassets */,
				B41A306E1925B01E00DC27FA /* Supporting Files */,
			);
			path = TapeWork;
			sourceTree = "<group>";
		};
		B41A306E1925B01E00DC27FA /* Supporting Files */ = {
			isa = PBXGroup;
			children = (
				B41A306F1925B01E00DC27FA /* TapeWork-Info.plist */,
				B41A30701925B01E00DC27FA /* InfoPlist.strings */,
				B41A30731925B01E00DC27FA /* main.m */,
				B41A30751925B01E00DC27FA /* TapeWork-Prefix.pch */,
			);
			name = "Supporting Files";
			sourceTree = "<group>";
		};
		B41A308C1925B01F00DC27FA /* TapeWorkTests */ = {
			isa = PBXGroup;
			children = (
				B41A30921925B01F00DC27FA /* TapeWorkTests.m */,
				B41A308D1925B01F00DC27FA /* Supporting Files */,
			);
			path = TapeWorkTests;
			sourceTree = "<group>";
		};
		B41A308D1925B01F00DC27FA /* Supporting Files */ = {
			isa = PBXGroup;
			children = (
				B41A308E1925B01F00DC27FA /* TapeWorkTests-Info.plist */,
				B41A308F1925B01F00DC27FA /* InfoPlist.strings */,
			);
			name = "Supporting Files";
			sourceTree = "<group>";
		};
/* End PBXGroup section */

/* Begin PBXNativeTarget section */
		B41A30631925B01E00DC27FA /* TapeWork */ = {
			isa = PBXNativeTarget;
			buildConfigurationList = B41A30961925B01F00DC27FA /* Build configuration list for PBXNativeTarget "TapeWork" */;
			buildPhases = (
				B41A30601925B01E00DC27FA /* Sources */,
				B41A30611925B01E00DC27FA /* Frameworks */,
				B41A30621925B01E00DC27FA /* Resources */,
			);
			buildRules = (
			);
			dependencies = (
			);
			name = TapeWork;
			productName = TapeWork;
			productReference = B41A30641925B01E00DC27FA /* TapeWork.app */;
			productType = "com.apple.product-type.application";
		};
		B41A30841925B01E00DC27FA /* TapeWorkTests */ = {
			isa = PBXNativeTarget;
			buildConfigurationList = B41A30991925B01F00DC27FA /* Build configuration list for PBXNativeTarget "TapeWorkTests" */;
			buildPhases = (
				B41A30811925B01E00DC27FA /* Sources */,
				B41A30821925B01E00DC27FA /* Frameworks */,
				B41A30831925B01E00DC27FA /* Resources */,
			);
			buildRules = (
			);
			dependencies = (
				B41A308B1925B01F00DC27FA /* PBXTargetDependency */,
			);
			name = TapeWorkTests;
			productName = TapeWorkTests;
			productReference = B41A30851925B01E00DC27FA /* TapeWorkTests.xctest */;
			productType = "com.apple.product-type.bundle.unit-test";
		};
/* End PBXNativeTarget section */

/* Begin PBXProject section */
		B41A305C1925B01E00DC27FA /* Project object */ = {
			isa = PBXProject;
			attributes = {
				CLASSPREFIX = JM;
				LastUpgradeCheck = 0510;
				ORGANIZATIONNAME = Rjm;
				TargetAttributes = {
					B41A30841925B01E00DC27FA = {
						TestTargetID = B41A30631925B01E00DC27FA;
					};
				};
			};
			buildConfigurationList = B41A305F1925B01E00DC27FA /* Build configuration list for PBXProject "TapeWork" */;
			compatibilityVersion = "Xcode 3.2";
			developmentRegion = English;
			hasScannedForEncodings = 0;
			knownRegions = (
				en,
				Base,
			);
			mainGroup = B41A305B1925B01E00DC27FA;
			productRefGroup = B41A30651925B01E00DC27FA /* Products */;
			projectDirPath = "";
			projectRoot = "";
			targets = (
				B41A30631925B01E00DC27FA /* TapeWork */,
				B41A30841925B01E00DC27FA /* TapeWorkTests */,
			);
		};
/* End PBXProject section */

/* Begin PBXResourcesBuildPhase section */
		B41A30621925B01E00DC27FA /* Resources */ = {
			isa = PBXResourcesBuildPhase;
			buildActionMask = 2147483647;
			files = (
				B41A30801925B01E00DC27FA /* Images.xcassets in Resources */,
				B41A30721925B01E00DC27FA /* InfoPlist.strings in Resources */,
			);
			runOnlyForDeploymentPostprocessing = 0;
		};
		B41A30831925B01E00DC27FA /* Resources */ = {
			isa = PBXResourcesBuildPhase;
			buildActionMask = 2147483647;
			files = (
				B41A30911925B01F00DC27FA /* InfoPlist.strings in Resources */,
			);
			runOnlyForDeploymentPostprocessing = 0;
		};
/* End PBXResourcesBuildPhase section */

/* Begin PBXSourcesBuildPhase section */
		B41A30601925B01E00DC27FA /* Sources */ = {
			isa = PBXSourcesBuildPhase;
			buildActionMask = 2147483647;
			files = (
				B41A30741925B01E00DC27FA /* main.m in Sources */,
				B41A30A11925F11300DC27FA /* JMToolBotton.m in Sources */,
				B41A307E1925B01E00DC27FA /* JMViewController.m in Sources */,
				1AF3D9B9195AC1CA002997AA /* JMTextViewViewController.m in Sources */,
				B41A30781925B01E00DC27FA /* JMAppDelegate.m in Sources */,
				B41A309E1925E12300DC27FA /* JMTapeView.m in Sources */,
			);
			runOnlyForDeploymentPostprocessing = 0;
		};
		B41A30811925B01E00DC27FA /* Sources */ = {
			isa = PBXSourcesBuildPhase;
			buildActionMask = 2147483647;
			files = (
				B41A30931925B01F00DC27FA /* TapeWorkTests.m in Sources */,
			);
			runOnlyForDeploymentPostprocessing = 0;
		};
/* End PBXSourcesBuildPhase section */

/* Begin PBXTargetDependency section */
		B41A308B1925B01F00DC27FA /* PBXTargetDependency */ = {
			isa = PBXTargetDependency;
			target = B41A30631925B01E00DC27FA /* TapeWork */;
			targetProxy = B41A308A1925B01F00DC27FA /* PBXContainerItemProxy */;
		};
/* End PBXTargetDependency section */

/* Begin PBXVariantGroup section */
		B41A30701925B01E00DC27FA /* InfoPlist.strings */ = {
			isa = PBXVariantGroup;
			children = (
				B41A30711925B01E00DC27FA /* en */,
			);
			name = InfoPlist.strings;
			sourceTree = "<group>";
		};
		B41A308F1925B01F00DC27FA /* InfoPlist.strings */ = {
			isa = PBXVariantGroup;
			children = (
				B41A30901925B01F00DC27FA /* en */,
			);
			name = InfoPlist.strings;
			sourceTree = "<group>";
		};
/* End PBXVariantGroup section */

/* Begin XCBuildConfiguration section */
		B41A30941925B01F00DC27FA /* Debug */ = {
			isa = XCBuildConfiguration;
			buildSettings = {
				ALWAYS_SEARCH_USER_PATHS = NO;
				CLANG_CXX_LANGUAGE_STANDARD = "gnu++0x";
				CLANG_CXX_LIBRARY = "libc++";
				CLANG_ENABLE_MODULES = YES;
				CLANG_ENABLE_OBJC_ARC = YES;
				CLANG_WARN_BOOL_CONVERSION = YES;
				CLANG_WARN_CONSTANT_CONVERSION = YES;
				CLANG_WARN_DIRECT_OBJC_ISA_USAGE = YES_ERROR;
				CLANG_WARN_EMPTY_BODY = YES;
				CLANG_WARN_ENUM_CONVERSION = YES;
				CLANG_WARN_INT_CONVERSION = YES;
				CLANG_WARN_OBJC_ROOT_CLASS = YES_ERROR;
				CLANG_WARN__DUPLICATE_METHOD_MATCH = YES;
				"CODE_SIGN_IDENTITY[sdk=iphoneos*]" = "iPhone Developer";
				COPY_PHASE_STRIP = NO;
				GCC_C_LANGUAGE_STANDARD = gnu99;
				GCC_DYNAMIC_NO_PIC = NO;
				GCC_OPTIMIZATION_LEVEL = 0;
				GCC_PREPROCESSOR_DEFINITIONS = (
					"DEBUG=1",
					"$(inherited)",
				);
				GCC_SYMBOLS_PRIVATE_EXTERN = NO;
				GCC_WARN_64_TO_32_BIT_CONVERSION = YES;
				GCC_WARN_ABOUT_RETURN_TYPE = YES_ERROR;
				GCC_WARN_UNDECLARED_SELECTOR = YES;
				GCC_WARN_UNINITIALIZED_AUTOS = YES_AGGRESSIVE;
				GCC_WARN_UNUSED_FUNCTION = YES;
				GCC_WARN_UNUSED_VARIABLE = YES;
				IPHONEOS_DEPLOYMENT_TARGET = 7.1;
				ONLY_ACTIVE_ARCH = YES;
				SDKROOT = iphoneos;
			};
			name = Debug;
		};
		B41A30951925B01F00DC27FA /* Release */ = {
			isa = XCBuildConfiguration;
			buildSettings = {
				ALWAYS_SEARCH_USER_PATHS = NO;
				CLANG_CXX_LANGUAGE_STANDARD = "gnu++0x";
				CLANG_CXX_LIBRARY = "libc++";
				CLANG_ENABLE_MODULES = YES;
				CLANG_ENABLE_OBJC_ARC = YES;
				CLANG_WARN_BOOL_CONVERSION = YES;
				CLANG_WARN_CONSTANT_CONVERSION = YES;
				CLANG_WARN_DIRECT_OBJC_ISA_USAGE = YES_ERROR;
				CLANG_WARN_EMPTY_BODY = YES;
				CLANG_WARN_ENUM_CONVERSION = YES;
				CLANG_WARN_INT_CONVERSION = YES;
				CLANG_WARN_OBJC_ROOT_CLASS = YES_ERROR;
				CLANG_WARN__DUPLICATE_METHOD_MATCH = YES;
				"CODE_SIGN_IDENTITY[sdk=iphoneos*]" = "iPhone Developer";
				COPY_PHASE_STRIP = YES;
				ENABLE_NS_ASSERTIONS = NO;
				GCC_C_LANGUAGE_STANDARD = gnu99;
				GCC_WARN_64_TO_32_BIT_CONVERSION = YES;
				GCC_WARN_ABOUT_RETURN_TYPE = YES_ERROR;
				GCC_WARN_UNDECLARED_SELECTOR = YES;
				GCC_WARN_UNINITIALIZED_AUTOS = YES_AGGRESSIVE;
				GCC_WARN_UNUSED_FUNCTION = YES;
				GCC_WARN_UNUSED_VARIABLE = YES;
				IPHONEOS_DEPLOYMENT_TARGET = 7.1;
				SDKROOT = iphoneos;
				VALIDATE_PRODUCT = YES;
			};
			name = Release;
		};
		B41A30971925B01F00DC27FA /* Debug */ = {
			isa = XCBuildConfiguration;
			buildSettings = {
				ASSETCATALOG_COMPILER_APPICON_NAME = AppIcon;
				ASSETCATALOG_COMPILER_LAUNCHIMAGE_NAME = LaunchImage;
				GCC_PRECOMPILE_PREFIX_HEADER = YES;
				GCC_PREFIX_HEADER = "TapeWork/TapeWork-Prefix.pch";
				INFOPLIST_FILE = "TapeWork/TapeWork-Info.plist";
				PRODUCT_NAME = "$(TARGET_NAME)";
				WRAPPER_EXTENSION = app;
			};
			name = Debug;
		};
		B41A30981925B01F00DC27FA /* Release */ = {
			isa = XCBuildConfiguration;
			buildSettings = {
				ASSETCATALOG_COMPILER_APPICON_NAME = AppIcon;
				ASSETCATALOG_COMPILER_LAUNCHIMAGE_NAME = LaunchImage;
				GCC_PRECOMPILE_PREFIX_HEADER = YES;
				GCC_PREFIX_HEADER = "TapeWork/TapeWork-Prefix.pch";
				INFOPLIST_FILE = "TapeWork/TapeWork-Info.plist";
				PRODUCT_NAME = "$(TARGET_NAME)";
				WRAPPER_EXTENSION = app;
			};
			name = Release;
		};
		B41A309A1925B01F00DC27FA /* Debug */ = {
			isa = XCBuildConfiguration;
			buildSettings = {
				BUNDLE_LOADER = "$(BUILT_PRODUCTS_DIR)/TapeWork.app/TapeWork";
				FRAMEWORK_SEARCH_PATHS = (
					"$(SDKROOT)/Developer/Library/Frameworks",
					"$(inherited)",
					"$(DEVELOPER_FRAMEWORKS_DIR)",
				);
				GCC_PRECOMPILE_PREFIX_HEADER = YES;
				GCC_PREFIX_HEADER = "TapeWork/TapeWork-Prefix.pch";
				GCC_PREPROCESSOR_DEFINITIONS = (
					"DEBUG=1",
					"$(inherited)",
				);
				INFOPLIST_FILE = "TapeWorkTests/TapeWorkTests-Info.plist";
				PRODUCT_NAME = "$(TARGET_NAME)";
				TEST_HOST = "$(BUNDLE_LOADER)";
				WRAPPER_EXTENSION = xctest;
			};
			name = Debug;
		};
		B41A309B1925B01F00DC27FA /* Release */ = {
			isa = XCBuildConfiguration;
			buildSettings = {
				BUNDLE_LOADER = "$(BUILT_PRODUCTS_DIR)/TapeWork.app/TapeWork";
				FRAMEWORK_SEARCH_PATHS = (
					"$(SDKROOT)/Developer/Library/Frameworks",
					"$(inherited)",
					"$(DEVELOPER_FRAMEWORKS_DIR)",
				);
				GCC_PRECOMPILE_PREFIX_HEADER = YES;
				GCC_PREFIX_HEADER = "TapeWork/TapeWork-Prefix.pch";
				INFOPLIST_FILE = "TapeWorkTests/TapeWorkTests-Info.plist";
				PRODUCT_NAME = "$(TARGET_NAME)";
				TEST_HOST = "$(BUNDLE_LOADER)";
				WRAPPER_EXTENSION = xctest;
			};
			name = Release;
		};
/* End XCBuildConfiguration section */

/* Begin XCConfigurationList section */
		B41A305F1925B01E00DC27FA /* Build configuration list for PBXProject "TapeWork" */ = {
			isa = XCConfigurationList;
			buildConfigurations = (
				B41A30941925B01F00DC27FA /* Debug */,
				B41A30951925B01F00DC27FA /* Release */,
			);
			defaultConfigurationIsVisible = 0;
			defaultConfigurationName = Release;
		};
		B41A30961925B01F00DC27FA /* Build configuration list for PBXNativeTarget "TapeWork" */ = {
			isa = XCConfigurationList;
			buildConfigurations = (
				B41A30971925B01F00DC27FA /* Debug */,
				B41A30981925B01F00DC27FA /* Release */,
			);
			defaultConfigurationIsVisible = 0;
			defaultConfigurationName = Release;
		};
		B41A30991925B01F00DC27FA /* Build configuration list for PBXNativeTarget "TapeWorkTests" */ = {
			isa = XCConfigurationList;
			buildConfigurations = (
				B41A309A1925B01F00DC27FA /* Debug */,
				B41A309B1925B01F00DC27FA /* Release */,
			);
			defaultConfigurationIsVisible = 0;
			defaultConfigurationName = Release;
		};
/* End XCConfigurationList section */
	};
	rootObject = B41A305C1925B01E00DC27FA /* Project object */;
}
